<?xml version="1.0" encoding="utf-8"?>
<Project ToolsVersion="4.0" xmlns="http://schemas.microsoft.com/developer/msbuild/2003">
  <ItemGroup>
    <Filter Include="system">
      <UniqueIdentifier>{22dd8095-74f9-46df-81a1-36675a040b1f}</UniqueIdentifier>
    </Filter>
  </ItemGroup>
  <ItemGroup>
    <ClCompile Include="stdafx.cpp" />
    <ClCompile Include="main.cpp" />
    <ClCompile Include="system\system.cpp">
      <Filter>system</Filter>
    </ClCompile>
    <ClCompile Include="Game.cpp" />
    <ClCompile Include="Player.cpp" />
    <ClCompile Include="BackGround.cpp" />
    <ClCompile Include="GameCamera.cpp" />
    <ClCompile Include="Actor.cpp" />
    <ClCompile Include="ICharacter.cpp" />
    <ClCompile Include="Title.cpp" />
    <ClCompile Include="Obstacle.cpp" />
    <ClCompile Include="Goal.cpp" />
    <ClCompile Include="Result.cpp" />
    <ClCompile Include="Hammer.cpp" />
    <ClCompile Include="JsonUtility.cpp" />
    <ClCompile Include="Barrier.cpp" />
    <ClCompile Include="Seesaw.cpp" />
    <ClCompile Include="RotationGround.cpp" />
    <ClCompile Include="PlayerControl.cpp" />
    <ClCompile Include="AIControl.cpp" />
    <ClCompile Include="CountdownManager.cpp" />
    <ClCompile Include="GameSettings.cpp" />
    <ClCompile Include="FadeManager.cpp" />
    <ClCompile Include="SoundManager.cpp" />
    <ClCompile Include="Axe.cpp" />
  </ItemGroup>
  <ItemGroup>
    <ClInclude Include="stdafx.h" />
    <ClInclude Include="system\system.h">
      <Filter>system</Filter>
    </ClInclude>
    <ClInclude Include="Game.h" />
    <ClInclude Include="Player.h" />
    <ClInclude Include="BackGround.h" />
    <ClInclude Include="GameCamera.h" />
    <ClInclude Include="Actor.h" />
    <ClInclude Include="ICharacter.h" />
    <ClInclude Include="Title.h" />
    <ClInclude Include="Obstacle.h" />
    <ClInclude Include="Goal.h" />
    <ClInclude Include="Result.h" />
    <ClInclude Include="Hammer.h" />
    <ClInclude Include="JsonUtility.h" />
    <ClInclude Include="Barrier.h" />
    <ClInclude Include="Seesaw.h" />
    <ClInclude Include="RotationGround.h" />
    <ClInclude Include="PlayerControl.h" />
    <ClInclude Include="resource.h" />
    <ClInclude Include="AIControl.h" />
    <ClInclude Include="CountdownManager.h" />
    <ClInclude Include="GameSettings.h" />
    <ClInclude Include="FadeManager.h" />
    <ClInclude Include="SoundManager.h" />
    <ClInclude Include="Axe.h" />
  </ItemGroup>
  <ItemGroup>
    <ResourceCompile Include="Game.rc" />
  </ItemGroup>
</Project>